
Microsoft Visual Studio Solution File, Format Version 12.00
# Visual Studio Version 16
VisualStudioVersion = 16.0.33328.57
MinimumVisualStudioVersion = 10.0.40219.1
Project("{FAE04EC0-301F-11D3-BF4B-00C04F79EFBC}") = "MVC_New_My_Stok_Takip_Website", "MVC_New_My_Stok_Takip_Website\MVC_New_My_Stok_Takip_Website.csproj", "{89F7C113-975E-4ED2-B712-A7BC1F58540D}"
EndProject
Global
	GlobalSection(SolutionConfigurationPlatforms) = preSolution
		Debug|Any CPU = Debug|Any CPU
		Release|Any CPU = Release|Any CPU
	EndGlobalSection
	GlobalSection(ProjectConfigurationPlatforms) = postSolution
		{89F7C113-975E-4ED2-B712-A7BC1F58540D}.Debug|Any CPU.ActiveCfg = Debug|Any CPU
		{89F7C113-975E-4ED2-B712-A7BC1F58540D}.Debug|Any CPU.Build.0 = Debug|Any CPU
		{89F7C113-975E-4ED2-B712-A7BC1F58540D}.Release|Any CPU.ActiveCfg = Release|Any CPU
		{89F7C113-975E-4ED2-B712-A7BC1F58540D}.Release|Any CPU.Build.0 = Release|Any CPU
	EndGlobalSection
	GlobalSection(SolutionProperties) = preSolution
		HideSolutionNode = FALSE
	EndGlobalSection
	GlobalSection(ExtensibilityGlobals) = postSolution
		SolutionGuid = {2542B54F-CE8D-45EB-BA42-AE4F8CFE86BC}
	EndGlobalSection
EndGlobal
